
Microsoft Visual Studio Solution File, Format Version 12.00
# Visual Studio Version 17
VisualStudioVersion = 17.11.35327.3
MinimumVisualStudioVersion = 10.0.40219.1
Project("{9A19103F-16F7-4668-BE54-9A1E7A4F7556}") = "ConsoleApp1", "ConsoleApp1\ConsoleApp1.csproj", "{F8FC8E8D-7B1D-4FE6-A3D9-AF0D4113394F}"
EndProject
Project("{9A19103F-16F7-4668-BE54-9A1E7A4F7556}") = "ex02", "ex02\ex02.csproj", "{1A1AD048-9203-4572-B875-2BBC01DFC271}"
EndProject
Project("{FAE04EC0-301F-11D3-BF4B-00C04F79EFBC}") = "ex03", "ex03\ex03.csproj", "{19A3E23F-FAFB-4CC6-A982-9D975F79437C}"
EndProject
Global
	GlobalSection(SolutionConfigurationPlatforms) = preSolution
		Debug|Any CPU = Debug|Any CPU
		Release|Any CPU = Release|Any CPU
	EndGlobalSection
	GlobalSection(ProjectConfigurationPlatforms) = postSolution
		{F8FC8E8D-7B1D-4FE6-A3D9-AF0D4113394F}.Debug|Any CPU.ActiveCfg = Debug|Any CPU
		{F8FC8E8D-7B1D-4FE6-A3D9-AF0D4113394F}.Debug|Any CPU.Build.0 = Debug|Any CPU
		{F8FC8E8D-7B1D-4FE6-A3D9-AF0D4113394F}.Release|Any CPU.ActiveCfg = Release|Any CPU
		{F8FC8E8D-7B1D-4FE6-A3D9-AF0D4113394F}.Release|Any CPU.Build.0 = Release|Any CPU
		{1A1AD048-9203-4572-B875-2BBC01DFC271}.Debug|Any CPU.ActiveCfg = Debug|Any CPU
		{1A1AD048-9203-4572-B875-2BBC01DFC271}.Debug|Any CPU.Build.0 = Debug|Any CPU
		{1A1AD048-9203-4572-B875-2BBC01DFC271}.Release|Any CPU.ActiveCfg = Release|Any CPU
		{1A1AD048-9203-4572-B875-2BBC01DFC271}.Release|Any CPU.Build.0 = Release|Any CPU
		{19A3E23F-FAFB-4CC6-A982-9D975F79437C}.Debug|Any CPU.ActiveCfg = Debug|Any CPU
		{19A3E23F-FAFB-4CC6-A982-9D975F79437C}.Debug|Any CPU.Build.0 = Debug|Any CPU
		{19A3E23F-FAFB-4CC6-A982-9D975F79437C}.Release|Any CPU.ActiveCfg = Release|Any CPU
		{19A3E23F-FAFB-4CC6-A982-9D975F79437C}.Release|Any CPU.Build.0 = Release|Any CPU
	EndGlobalSection
	GlobalSection(SolutionProperties) = preSolution
		HideSolutionNode = FALSE
	EndGlobalSection
	GlobalSection(ExtensibilityGlobals) = postSolution
		SolutionGuid = {D90E5216-DFA0-4E81-B50C-FEA74EEE17A6}
	EndGlobalSection
EndGlobal
